
Microsoft Visual Studio Solution File, Format Version 12.00
# Visual Studio Version 17
VisualStudioVersion = 17.8.34511.84
MinimumVisualStudioVersion = 10.0.40219.1
Project("{FAE04EC0-301F-11D3-BF4B-00C04F79EFBC}") = "EjercicioPractico", "EjercicioPractico\EjercicioPractico.csproj", "{05485C3C-8EBC-4629-9328-6CE40B6C457A}"
EndProject
Global
	GlobalSection(SolutionConfigurationPlatforms) = preSolution
		Debug|Any CPU = Debug|Any CPU
		Release|Any CPU = Release|Any CPU
	EndGlobalSection
	GlobalSection(ProjectConfigurationPlatforms) = postSolution
		{05485C3C-8EBC-4629-9328-6CE40B6C457A}.Debug|Any CPU.ActiveCfg = Debug|Any CPU
		{05485C3C-8EBC-4629-9328-6CE40B6C457A}.Debug|Any CPU.Build.0 = Debug|Any CPU
		{05485C3C-8EBC-4629-9328-6CE40B6C457A}.Release|Any CPU.ActiveCfg = Release|Any CPU
		{05485C3C-8EBC-4629-9328-6CE40B6C457A}.Release|Any CPU.Build.0 = Release|Any CPU
	EndGlobalSection
	GlobalSection(SolutionProperties) = preSolution
		HideSolutionNode = FALSE
	EndGlobalSection
	GlobalSection(ExtensibilityGlobals) = postSolution
		SolutionGuid = {EBD17F1D-6473-41D8-852A-3A3C24C1FD1D}
	EndGlobalSection
EndGlobal
